
Microsoft Visual Studio Solution File, Format Version 12.00
# Visual Studio Version 17
VisualStudioVersion = 17.11.35327.3
MinimumVisualStudioVersion = 10.0.40219.1
Project("{2150E333-8FDC-42A3-9474-1A3956D46DE8}") = "1. Presentation", "1. Presentation", "{1FEDF4A1-2C16-4C3E-B51D-2B6A1CA3938A}"
EndProject
Project("{2150E333-8FDC-42A3-9474-1A3956D46DE8}") = "2. Application", "2. Application", "{C3FD8BD5-96D7-450D-974A-B92A3577B7EF}"
EndProject
Project("{2150E333-8FDC-42A3-9474-1A3956D46DE8}") = "3. Domain", "3. Domain", "{2E966673-F615-4168-AFE9-C919A842F719}"
EndProject
Project("{2150E333-8FDC-42A3-9474-1A3956D46DE8}") = "4. Infrastructure", "4. Infrastructure", "{979D797C-B179-4A83-9733-7EC355AAE070}"
EndProject
Project("{9A19103F-16F7-4668-BE54-9A1E7A4F7556}") = "ScheduleTime.Domain", "ScheduleTime.Domain\ScheduleTime.Domain.csproj", "{2BF7AB03-00A7-40E0-BC7C-DD94C5BA3473}"
EndProject
Project("{9A19103F-16F7-4668-BE54-9A1E7A4F7556}") = "ScheduleTime.Application", "ScheduleTime.Application\ScheduleTime.Application.csproj", "{A7AB5178-9F9F-45F7-8A74-40FBB03801F7}"
EndProject
Project("{9A19103F-16F7-4668-BE54-9A1E7A4F7556}") = "ScheduleTime.Presentation.WebAPI", "ScheduleTime.Presentation.WebAPI\ScheduleTime.Presentation.WebAPI.csproj", "{908EE9AF-70FC-431F-B1E8-6226601D3CCF}"
EndProject
Project("{2150E333-8FDC-42A3-9474-1A3956D46DE8}") = "4.1 Infrastructure.Database", "4.1 Infrastructure.Database", "{03B7B0EA-0DCD-4328-96A3-384D8BDE0D3B}"
EndProject
Project("{2150E333-8FDC-42A3-9474-1A3956D46DE8}") = "4.2 Infrastructure.CrossCutting", "4.2 Infrastructure.CrossCutting", "{8FFC2CFE-1D06-4CA3-BA97-F783474767DB}"
EndProject
Project("{9A19103F-16F7-4668-BE54-9A1E7A4F7556}") = "ScheduleTime.CrossCutting", "ScheduleTime.CrossCutting\ScheduleTime.CrossCutting.csproj", "{A86A4577-A750-4B65-A371-E89A909ECD32}"
EndProject
Project("{9A19103F-16F7-4668-BE54-9A1E7A4F7556}") = "ScheduleTime.CrossCutting.IoC", "ScheduleTime.CrossCutting.IoC\ScheduleTime.CrossCutting.IoC.csproj", "{7F676EF3-DE23-4CED-A6BB-67409C4EE207}"
EndProject
Project("{FAE04EC0-301F-11D3-BF4B-00C04F79EFBC}") = "ScheduleTime.DataBase", "ScheduleTime.DataBase\ScheduleTime.DataBase.csproj", "{CA1D7F01-9E7F-4E41-B4B1-85BA7742E7BA}"
EndProject
Global
	GlobalSection(SolutionConfigurationPlatforms) = preSolution
		Debug|Any CPU = Debug|Any CPU
		Release|Any CPU = Release|Any CPU
	EndGlobalSection
	GlobalSection(ProjectConfigurationPlatforms) = postSolution
		{2BF7AB03-00A7-40E0-BC7C-DD94C5BA3473}.Debug|Any CPU.ActiveCfg = Debug|Any CPU
		{2BF7AB03-00A7-40E0-BC7C-DD94C5BA3473}.Debug|Any CPU.Build.0 = Debug|Any CPU
		{2BF7AB03-00A7-40E0-BC7C-DD94C5BA3473}.Release|Any CPU.ActiveCfg = Release|Any CPU
		{2BF7AB03-00A7-40E0-BC7C-DD94C5BA3473}.Release|Any CPU.Build.0 = Release|Any CPU
		{A7AB5178-9F9F-45F7-8A74-40FBB03801F7}.Debug|Any CPU.ActiveCfg = Debug|Any CPU
		{A7AB5178-9F9F-45F7-8A74-40FBB03801F7}.Debug|Any CPU.Build.0 = Debug|Any CPU
		{A7AB5178-9F9F-45F7-8A74-40FBB03801F7}.Release|Any CPU.ActiveCfg = Release|Any CPU
		{A7AB5178-9F9F-45F7-8A74-40FBB03801F7}.Release|Any CPU.Build.0 = Release|Any CPU
		{908EE9AF-70FC-431F-B1E8-6226601D3CCF}.Debug|Any CPU.ActiveCfg = Debug|Any CPU
		{908EE9AF-70FC-431F-B1E8-6226601D3CCF}.Debug|Any CPU.Build.0 = Debug|Any CPU
		{908EE9AF-70FC-431F-B1E8-6226601D3CCF}.Release|Any CPU.ActiveCfg = Release|Any CPU
		{908EE9AF-70FC-431F-B1E8-6226601D3CCF}.Release|Any CPU.Build.0 = Release|Any CPU
		{A86A4577-A750-4B65-A371-E89A909ECD32}.Debug|Any CPU.ActiveCfg = Debug|Any CPU
		{A86A4577-A750-4B65-A371-E89A909ECD32}.Debug|Any CPU.Build.0 = Debug|Any CPU
		{A86A4577-A750-4B65-A371-E89A909ECD32}.Release|Any CPU.ActiveCfg = Release|Any CPU
		{A86A4577-A750-4B65-A371-E89A909ECD32}.Release|Any CPU.Build.0 = Release|Any CPU
		{7F676EF3-DE23-4CED-A6BB-67409C4EE207}.Debug|Any CPU.ActiveCfg = Debug|Any CPU
		{7F676EF3-DE23-4CED-A6BB-67409C4EE207}.Debug|Any CPU.Build.0 = Debug|Any CPU
		{7F676EF3-DE23-4CED-A6BB-67409C4EE207}.Release|Any CPU.ActiveCfg = Release|Any CPU
		{7F676EF3-DE23-4CED-A6BB-67409C4EE207}.Release|Any CPU.Build.0 = Release|Any CPU
		{CA1D7F01-9E7F-4E41-B4B1-85BA7742E7BA}.Debug|Any CPU.ActiveCfg = Debug|Any CPU
		{CA1D7F01-9E7F-4E41-B4B1-85BA7742E7BA}.Debug|Any CPU.Build.0 = Debug|Any CPU
		{CA1D7F01-9E7F-4E41-B4B1-85BA7742E7BA}.Release|Any CPU.ActiveCfg = Release|Any CPU
		{CA1D7F01-9E7F-4E41-B4B1-85BA7742E7BA}.Release|Any CPU.Build.0 = Release|Any CPU
	EndGlobalSection
	GlobalSection(SolutionProperties) = preSolution
		HideSolutionNode = FALSE
	EndGlobalSection
	GlobalSection(NestedProjects) = preSolution
		{2BF7AB03-00A7-40E0-BC7C-DD94C5BA3473} = {2E966673-F615-4168-AFE9-C919A842F719}
		{A7AB5178-9F9F-45F7-8A74-40FBB03801F7} = {C3FD8BD5-96D7-450D-974A-B92A3577B7EF}
		{908EE9AF-70FC-431F-B1E8-6226601D3CCF} = {1FEDF4A1-2C16-4C3E-B51D-2B6A1CA3938A}
		{03B7B0EA-0DCD-4328-96A3-384D8BDE0D3B} = {979D797C-B179-4A83-9733-7EC355AAE070}
		{8FFC2CFE-1D06-4CA3-BA97-F783474767DB} = {979D797C-B179-4A83-9733-7EC355AAE070}
		{A86A4577-A750-4B65-A371-E89A909ECD32} = {8FFC2CFE-1D06-4CA3-BA97-F783474767DB}
		{7F676EF3-DE23-4CED-A6BB-67409C4EE207} = {8FFC2CFE-1D06-4CA3-BA97-F783474767DB}
		{CA1D7F01-9E7F-4E41-B4B1-85BA7742E7BA} = {03B7B0EA-0DCD-4328-96A3-384D8BDE0D3B}
	EndGlobalSection
	GlobalSection(ExtensibilityGlobals) = postSolution
		SolutionGuid = {86590CDE-EA83-4643-9DF1-EB3FE01651EC}
	EndGlobalSection
EndGlobal
